{
  "name": "hackathon5",
  "version": "1.0.0",
  "lockfileVersion": 2,
  "requires": true,
  "packages": {
    "": {
      "name": "hackathon5",
      "version": "1.0.0",
      "license": "ISC",
      "dependencies": {
        "zokrates-js": "^1.1.4"
      }
    },
    "node_modules/zokrates-js": {
      "version": "1.1.4",
      "resolved": "https://registry.npmjs.org/zokrates-js/-/zokrates-js-1.1.4.tgz",
      "integrity": "sha512-xvfwJqWCsglFpRPdOwYHNV1Ge/ygT3upWI/6xjX3S6t0+rXG0+50yA0ZGuaBgGNGGDbnSLY2n6YZmWKG4gu95g=="
    }
  },
  "dependencies": {
    "zokrates-js": {
      "version": "1.1.4",
      "resolved": "https://registry.npmjs.org/zokrates-js/-/zokrates-js-1.1.4.tgz",
      "integrity": "sha512-xvfwJqWCsglFpRPdOwYHNV1Ge/ygT3upWI/6xjX3S6t0+rXG0+50yA0ZGuaBgGNGGDbnSLY2n6YZmWKG4gu95g=="
    }
  }
}
